// !$*UTF8*$!
{
	archiveVersion = 1;
	classes = {
	};
	objectVersion = 77;
	objects = {

/* Begin PBXBuildFile section */
		494C25FC2EE1F9ED007E32F9 /* AppDelegate.swift in Sources */ = {isa = PBXBuildFile; fileRef = 494C25FB2EE1F9ED007E32F9 /* AppDelegate.swift */; };
		494C25FE2EE1F9ED007E32F9 /* SceneDelegate.swift in Sources */ = {isa = PBXBuildFile; fileRef = 494C25FD2EE1F9ED007E32F9 /* SceneDelegate.swift */; };
		494C26012EE1F9ED007E32F9 /* LaunchScreen.storyboard in Resources */ = {isa = PBXBuildFile; fileRef = 494C25FF2EE1F9ED007E32F9 /* LaunchScreen.storyboard */; };
		494C26042EE1F9ED007E32F9 /* Main.storyboard in Resources */ = {isa = PBXBuildFile; fileRef = 494C26022EE1F9ED007E32F9 /* Main.storyboard */; };
		494C260D2EE1F9ED007E32F9 /* AppDelegate.swift in Sources */ = {isa = PBXBuildFile; fileRef = 494C260C2EE1F9ED007E32F9 /* AppDelegate.swift */; };
		494C26102EE1F9ED007E32F9 /* Main.storyboard in Resources */ = {isa = PBXBuildFile; fileRef = 494C260E2EE1F9ED007E32F9 /* Main.storyboard */; };
		494C26172EE1F9ED007E32F9 /* Sora Creator Tools Extension.appex in Embed Foundation Extensions */ = {isa = PBXBuildFile; fileRef = 494C26162EE1F9ED007E32F9 /* Sora Creator Tools Extension.appex */; settings = {ATTRIBUTES = (RemoveHeadersOnCopy, ); }; };
		494C26212EE1F9ED007E32F9 /* Sora Creator Tools Extension.appex in Embed Foundation Extensions */ = {isa = PBXBuildFile; fileRef = 494C26202EE1F9ED007E32F9 /* Sora Creator Tools Extension.appex */; settings = {ATTRIBUTES = (RemoveHeadersOnCopy, ); }; };
		494C26262EE1F9ED007E32F9 /* Main.html in Resources */ = {isa = PBXBuildFile; fileRef = 494C25EB2EE1F9EC007E32F9 /* Main.html */; };
		494C26272EE1F9ED007E32F9 /* Main.html in Resources */ = {isa = PBXBuildFile; fileRef = 494C25EB2EE1F9EC007E32F9 /* Main.html */; };
		494C26282EE1F9ED007E32F9 /* Icon.png in Resources */ = {isa = PBXBuildFile; fileRef = 494C25ED2EE1F9EC007E32F9 /* Icon.png */; };
		494C26292EE1F9ED007E32F9 /* Icon.png in Resources */ = {isa = PBXBuildFile; fileRef = 494C25ED2EE1F9EC007E32F9 /* Icon.png */; };
		494C262A2EE1F9ED007E32F9 /* Style.css in Resources */ = {isa = PBXBuildFile; fileRef = 494C25EE2EE1F9EC007E32F9 /* Style.css */; };
		494C262B2EE1F9ED007E32F9 /* Style.css in Resources */ = {isa = PBXBuildFile; fileRef = 494C25EE2EE1F9EC007E32F9 /* Style.css */; };
		494C262C2EE1F9ED007E32F9 /* Script.js in Resources */ = {isa = PBXBuildFile; fileRef = 494C25EF2EE1F9EC007E32F9 /* Script.js */; };
		494C262D2EE1F9ED007E32F9 /* Script.js in Resources */ = {isa = PBXBuildFile; fileRef = 494C25EF2EE1F9EC007E32F9 /* Script.js */; };
		494C262E2EE1F9ED007E32F9 /* ViewController.swift in Sources */ = {isa = PBXBuildFile; fileRef = 494C25F02EE1F9EC007E32F9 /* ViewController.swift */; };
		494C262F2EE1F9ED007E32F9 /* ViewController.swift in Sources */ = {isa = PBXBuildFile; fileRef = 494C25F02EE1F9EC007E32F9 /* ViewController.swift */; };
		494C26302EE1F9ED007E32F9 /* Assets.xcassets in Resources */ = {isa = PBXBuildFile; fileRef = 494C25F12EE1F9ED007E32F9 /* Assets.xcassets */; };
		494C26312EE1F9ED007E32F9 /* Assets.xcassets in Resources */ = {isa = PBXBuildFile; fileRef = 494C25F12EE1F9ED007E32F9 /* Assets.xcassets */; };
		494C26322EE1F9ED007E32F9 /* SafariWebExtensionHandler.swift in Sources */ = {isa = PBXBuildFile; fileRef = 494C25F32EE1F9ED007E32F9 /* SafariWebExtensionHandler.swift */; };
		494C26332EE1F9ED007E32F9 /* SafariWebExtensionHandler.swift in Sources */ = {isa = PBXBuildFile; fileRef = 494C25F32EE1F9ED007E32F9 /* SafariWebExtensionHandler.swift */; };
		494C26532EE1F9EE007E32F9 /* imagery in Resources */ = {isa = PBXBuildFile; fileRef = 494C26452EE1F9EE007E32F9 /* imagery */; };
		494C26542EE1F9EE007E32F9 /* LICENSE in Resources */ = {isa = PBXBuildFile; fileRef = 494C26462EE1F9EE007E32F9 /* LICENSE */; };
		494C26552EE1F9EE007E32F9 /* background.js in Resources */ = {isa = PBXBuildFile; fileRef = 494C26472EE1F9EE007E32F9 /* background.js */; };
		494C26562EE1F9EE007E32F9 /* dashboard.css in Resources */ = {isa = PBXBuildFile; fileRef = 494C26482EE1F9EE007E32F9 /* dashboard.css */; };
		494C26572EE1F9EE007E32F9 /* dashboard.html in Resources */ = {isa = PBXBuildFile; fileRef = 494C26492EE1F9EE007E32F9 /* dashboard.html */; };
		494C26582EE1F9EE007E32F9 /* README.md in Resources */ = {isa = PBXBuildFile; fileRef = 494C264A2EE1F9EE007E32F9 /* README.md */; };
		494C26592EE1F9EE007E32F9 /* CONTRIBUTING.md in Resources */ = {isa = PBXBuildFile; fileRef = 494C264B2EE1F9EE007E32F9 /* CONTRIBUTING.md */; };
		494C265A2EE1F9EE007E32F9 /* icons in Resources */ = {isa = PBXBuildFile; fileRef = 494C264C2EE1F9EE007E32F9 /* icons */; };
		494C265B2EE1F9EE007E32F9 /* Extension Dreamz (Theme Song) by Binary Rot.mp3 in Resources */ = {isa = PBXBuildFile; fileRef = 494C264D2EE1F9EE007E32F9 /* Extension Dreamz (Theme Song) by Binary Rot.mp3 */; };
		494C265C2EE1F9EE007E32F9 /* manifest.json in Resources */ = {isa = PBXBuildFile; fileRef = 494C264E2EE1F9EE007E32F9 /* manifest.json */; };
		494C265D2EE1F9EE007E32F9 /* inject.js in Resources */ = {isa = PBXBuildFile; fileRef = 494C264F2EE1F9EE007E32F9 /* inject.js */; };
		494C265E2EE1F9EE007E32F9 /* content.js in Resources */ = {isa = PBXBuildFile; fileRef = 494C26502EE1F9EE007E32F9 /* content.js */; };
		494C265F2EE1F9EE007E32F9 /* dashboard.js in Resources */ = {isa = PBXBuildFile; fileRef = 494C26512EE1F9EE007E32F9 /* dashboard.js */; };
		494C26602EE1F9EE007E32F9 /* safari-extension in Resources */ = {isa = PBXBuildFile; fileRef = 494C26522EE1F9EE007E32F9 /* safari-extension */; };
		494C26612EE1F9EE007E32F9 /* imagery in Resources */ = {isa = PBXBuildFile; fileRef = 494C26452EE1F9EE007E32F9 /* imagery */; };
		494C26622EE1F9EE007E32F9 /* LICENSE in Resources */ = {isa = PBXBuildFile; fileRef = 494C26462EE1F9EE007E32F9 /* LICENSE */; };
		494C26632EE1F9EE007E32F9 /* background.js in Resources */ = {isa = PBXBuildFile; fileRef = 494C26472EE1F9EE007E32F9 /* background.js */; };
		494C26642EE1F9EE007E32F9 /* dashboard.css in Resources */ = {isa = PBXBuildFile; fileRef = 494C26482EE1F9EE007E32F9 /* dashboard.css */; };
		494C26652EE1F9EE007E32F9 /* dashboard.html in Resources */ = {isa = PBXBuildFile; fileRef = 494C26492EE1F9EE007E32F9 /* dashboard.html */; };
		494C26662EE1F9EE007E32F9 /* README.md in Resources */ = {isa = PBXBuildFile; fileRef = 494C264A2EE1F9EE007E32F9 /* README.md */; };
		494C26672EE1F9EE007E32F9 /* CONTRIBUTING.md in Resources */ = {isa = PBXBuildFile; fileRef = 494C264B2EE1F9EE007E32F9 /* CONTRIBUTING.md */; };
		494C26682EE1F9EE007E32F9 /* icons in Resources */ = {isa = PBXBuildFile; fileRef = 494C264C2EE1F9EE007E32F9 /* icons */; };
		494C26692EE1F9EE007E32F9 /* Extension Dreamz (Theme Song) by Binary Rot.mp3 in Resources */ = {isa = PBXBuildFile; fileRef = 494C264D2EE1F9EE007E32F9 /* Extension Dreamz (Theme Song) by Binary Rot.mp3 */; };
		494C266A2EE1F9EE007E32F9 /* manifest.json in Resources */ = {isa = PBXBuildFile; fileRef = 494C264E2EE1F9EE007E32F9 /* manifest.json */; };
		494C266B2EE1F9EE007E32F9 /* inject.js in Resources */ = {isa = PBXBuildFile; fileRef = 494C264F2EE1F9EE007E32F9 /* inject.js */; };
		494C266C2EE1F9EE007E32F9 /* content.js in Resources */ = {isa = PBXBuildFile; fileRef = 494C26502EE1F9EE007E32F9 /* content.js */; };
		494C266D2EE1F9EE007E32F9 /* dashboard.js in Resources */ = {isa = PBXBuildFile; fileRef = 494C26512EE1F9EE007E32F9 /* dashboard.js */; };
		494C266E2EE1F9EE007E32F9 /* safari-extension in Resources */ = {isa = PBXBuildFile; fileRef = 494C26522EE1F9EE007E32F9 /* safari-extension */; };
/* End PBXBuildFile section */

/* Begin PBXContainerItemProxy section */
		494C26182EE1F9ED007E32F9 /* PBXContainerItemProxy */ = {
			isa = PBXContainerItemProxy;
			containerPortal = 494C25E52EE1F9EC007E32F9 /* Project object */;
			proxyType = 1;
			remoteGlobalIDString = 494C26152EE1F9ED007E32F9;
			remoteInfo = "Sora Creator Tools Extension (iOS)";
		};
		494C26222EE1F9ED007E32F9 /* PBXContainerItemProxy */ = {
			isa = PBXContainerItemProxy;
			containerPortal = 494C25E52EE1F9EC007E32F9 /* Project object */;
			proxyType = 1;
			remoteGlobalIDString = 494C261F2EE1F9ED007E32F9;
			remoteInfo = "Sora Creator Tools Extension (macOS)";
		};
/* End PBXContainerItemProxy section */

/* Begin PBXCopyFilesBuildPhase section */
		494C26392EE1F9ED007E32F9 /* Embed Foundation Extensions */ = {
			isa = PBXCopyFilesBuildPhase;
			buildActionMask = 2147483647;
			dstPath = "";
			dstSubfolderSpec = 13;
			files = (
				494C26172EE1F9ED007E32F9 /* Sora Creator Tools Extension.appex in Embed Foundation Extensions */,
			);
			name = "Embed Foundation Extensions";
			runOnlyForDeploymentPostprocessing = 0;
		};
		494C26402EE1F9ED007E32F9 /* Embed Foundation Extensions */ = {
			isa = PBXCopyFilesBuildPhase;
			buildActionMask = 2147483647;
			dstPath = "";
			dstSubfolderSpec = 13;
			files = (
				494C26212EE1F9ED007E32F9 /* Sora Creator Tools Extension.appex in Embed Foundation Extensions */,
			);
			name = "Embed Foundation Extensions";
			runOnlyForDeploymentPostprocessing = 0;
		};
/* End PBXCopyFilesBuildPhase section */

/* Begin PBXFileReference section */
		494C25EC2EE1F9EC007E32F9 /* Base */ = {isa = PBXFileReference; lastKnownFileType = text.html; name = Base; path = Base.lproj/Main.html; sourceTree = "<group>"; };
		494C25ED2EE1F9EC007E32F9 /* Icon.png */ = {isa = PBXFileReference; lastKnownFileType = image.png; path = Icon.png; sourceTree = "<group>"; };
		494C25EE2EE1F9EC007E32F9 /* Style.css */ = {isa = PBXFileReference; lastKnownFileType = text.css; path = Style.css; sourceTree = "<group>"; };
		494C25EF2EE1F9EC007E32F9 /* Script.js */ = {isa = PBXFileReference; lastKnownFileType = sourcecode.javascript; path = Script.js; sourceTree = "<group>"; };
		494C25F02EE1F9EC007E32F9 /* ViewController.swift */ = {isa = PBXFileReference; lastKnownFileType = sourcecode.swift; path = ViewController.swift; sourceTree = "<group>"; };
		494C25F12EE1F9ED007E32F9 /* Assets.xcassets */ = {isa = PBXFileReference; lastKnownFileType = folder.assetcatalog; path = Assets.xcassets; sourceTree = "<group>"; };
		494C25F32EE1F9ED007E32F9 /* SafariWebExtensionHandler.swift */ = {isa = PBXFileReference; lastKnownFileType = sourcecode.swift; path = SafariWebExtensionHandler.swift; sourceTree = "<group>"; };
		494C25F82EE1F9ED007E32F9 /* Sora Creator Tools.app */ = {isa = PBXFileReference; explicitFileType = wrapper.application; includeInIndex = 0; path = "Sora Creator Tools.app"; sourceTree = BUILT_PRODUCTS_DIR; };
		494C25FB2EE1F9ED007E32F9 /* AppDelegate.swift */ = {isa = PBXFileReference; lastKnownFileType = sourcecode.swift; path = AppDelegate.swift; sourceTree = "<group>"; };
		494C25FD2EE1F9ED007E32F9 /* SceneDelegate.swift */ = {isa = PBXFileReference; lastKnownFileType = sourcecode.swift; path = SceneDelegate.swift; sourceTree = "<group>"; };
		494C26002EE1F9ED007E32F9 /* Base */ = {isa = PBXFileReference; lastKnownFileType = file.storyboard; name = Base; path = Base.lproj/LaunchScreen.storyboard; sourceTree = "<group>"; };
		494C26032EE1F9ED007E32F9 /* Base */ = {isa = PBXFileReference; lastKnownFileType = file.storyboard; name = Base; path = Base.lproj/Main.storyboard; sourceTree = "<group>"; };
		494C26052EE1F9ED007E32F9 /* Info.plist */ = {isa = PBXFileReference; lastKnownFileType = text.plist.xml; path = Info.plist; sourceTree = "<group>"; };
		494C260A2EE1F9ED007E32F9 /* Sora Creator Tools.app */ = {isa = PBXFileReference; explicitFileType = wrapper.application; includeInIndex = 0; path = "Sora Creator Tools.app"; sourceTree = BUILT_PRODUCTS_DIR; };
		494C260C2EE1F9ED007E32F9 /* AppDelegate.swift */ = {isa = PBXFileReference; lastKnownFileType = sourcecode.swift; path = AppDelegate.swift; sourceTree = "<group>"; };
		494C260F2EE1F9ED007E32F9 /* Base */ = {isa = PBXFileReference; lastKnownFileType = file.storyboard; name = Base; path = Base.lproj/Main.storyboard; sourceTree = "<group>"; };
		494C26112EE1F9ED007E32F9 /* Info.plist */ = {isa = PBXFileReference; lastKnownFileType = text.plist.xml; path = Info.plist; sourceTree = "<group>"; };
		494C26162EE1F9ED007E32F9 /* Sora Creator Tools Extension.appex */ = {isa = PBXFileReference; explicitFileType = "wrapper.app-extension"; includeInIndex = 0; path = "Sora Creator Tools Extension.appex"; sourceTree = BUILT_PRODUCTS_DIR; };
		494C261B2EE1F9ED007E32F9 /* Info.plist */ = {isa = PBXFileReference; lastKnownFileType = text.plist.xml; path = Info.plist; sourceTree = "<group>"; };
		494C26202EE1F9ED007E32F9 /* Sora Creator Tools Extension.appex */ = {isa = PBXFileReference; explicitFileType = "wrapper.app-extension"; includeInIndex = 0; path = "Sora Creator Tools Extension.appex"; sourceTree = BUILT_PRODUCTS_DIR; };
		494C26252EE1F9ED007E32F9 /* Info.plist */ = {isa = PBXFileReference; lastKnownFileType = text.plist.xml; path = Info.plist; sourceTree = "<group>"; };
		494C26452EE1F9EE007E32F9 /* imagery */ = {isa = PBXFileReference; lastKnownFileType = folder; name = imagery; path = ../../../imagery; sourceTree = "<group>"; };
		494C26462EE1F9EE007E32F9 /* LICENSE */ = {isa = PBXFileReference; lastKnownFileType = text; name = LICENSE; path = ../../../LICENSE; sourceTree = "<group>"; };
		494C26472EE1F9EE007E32F9 /* background.js */ = {isa = PBXFileReference; lastKnownFileType = sourcecode.javascript; name = background.js; path = ../../../background.js; sourceTree = "<group>"; };
		494C26482EE1F9EE007E32F9 /* dashboard.css */ = {isa = PBXFileReference; lastKnownFileType = text.css; name = dashboard.css; path = ../../../dashboard.css; sourceTree = "<group>"; };
		494C26492EE1F9EE007E32F9 /* dashboard.html */ = {isa = PBXFileReference; lastKnownFileType = text.html; name = dashboard.html; path = ../../../dashboard.html; sourceTree = "<group>"; };
		494C264A2EE1F9EE007E32F9 /* README.md */ = {isa = PBXFileReference; lastKnownFileType = net.daringfireball.markdown; name = README.md; path = ../../../README.md; sourceTree = "<group>"; };
		494C264B2EE1F9EE007E32F9 /* CONTRIBUTING.md */ = {isa = PBXFileReference; lastKnownFileType = net.daringfireball.markdown; name = CONTRIBUTING.md; path = ../../../CONTRIBUTING.md; sourceTree = "<group>"; };
		494C264C2EE1F9EE007E32F9 /* icons */ = {isa = PBXFileReference; lastKnownFileType = folder; name = icons; path = ../../../icons; sourceTree = "<group>"; };
		494C264D2EE1F9EE007E32F9 /* Extension Dreamz (Theme Song) by Binary Rot.mp3 */ = {isa = PBXFileReference; lastKnownFileType = audio.mp3; name = "Extension Dreamz (Theme Song) by Binary Rot.mp3"; path = "../../../Extension Dreamz (Theme Song) by Binary Rot.mp3"; sourceTree = "<group>"; };
		494C264E2EE1F9EE007E32F9 /* manifest.json */ = {isa = PBXFileReference; lastKnownFileType = text.json; name = manifest.json; path = ../../../manifest.json; sourceTree = "<group>"; };
		494C264F2EE1F9EE007E32F9 /* inject.js */ = {isa = PBXFileReference; lastKnownFileType = sourcecode.javascript; name = inject.js; path = ../../../inject.js; sourceTree = "<group>"; };
		494C26502EE1F9EE007E32F9 /* content.js */ = {isa = PBXFileReference; lastKnownFileType = sourcecode.javascript; name = content.js; path = ../../../content.js; sourceTree = "<group>"; };
		494C26512EE1F9EE007E32F9 /* dashboard.js */ = {isa = PBXFileReference; lastKnownFileType = sourcecode.javascript; name = dashboard.js; path = ../../../dashboard.js; sourceTree = "<group>"; };
		494C26522EE1F9EE007E32F9 /* safari-extension */ = {isa = PBXFileReference; lastKnownFileType = folder; name = "safari-extension"; path = ../..; sourceTree = "<group>"; };
/* End PBXFileReference section */

/* Begin PBXFrameworksBuildPhase section */
		494C25F52EE1F9ED007E32F9 /* Frameworks */ = {
			isa = PBXFrameworksBuildPhase;
			buildActionMask = 2147483647;
			files = (
			);
			runOnlyForDeploymentPostprocessing = 0;
		};
		494C26072EE1F9ED007E32F9 /* Frameworks */ = {
			isa = PBXFrameworksBuildPhase;
			buildActionMask = 2147483647;
			files = (
			);
			runOnlyForDeploymentPostprocessing = 0;
		};
		494C26132EE1F9ED007E32F9 /* Frameworks */ = {
			isa = PBXFrameworksBuildPhase;
			buildActionMask = 2147483647;
			files = (
			);
			runOnlyForDeploymentPostprocessing = 0;
		};
		494C261D2EE1F9ED007E32F9 /* Frameworks */ = {
			isa = PBXFrameworksBuildPhase;
			buildActionMask = 2147483647;
			files = (
			);
			runOnlyForDeploymentPostprocessing = 0;
		};
/* End PBXFrameworksBuildPhase section */

/* Begin PBXGroup section */
		494C25E42EE1F9EC007E32F9 = {
			isa = PBXGroup;
			children = (
				494C25E92EE1F9EC007E32F9 /* Shared (App) */,
				494C25F22EE1F9ED007E32F9 /* Shared (Extension) */,
				494C25FA2EE1F9ED007E32F9 /* iOS (App) */,
				494C260B2EE1F9ED007E32F9 /* macOS (App) */,
				494C261A2EE1F9ED007E32F9 /* iOS (Extension) */,
				494C26242EE1F9ED007E32F9 /* macOS (Extension) */,
				494C25F92EE1F9ED007E32F9 /* Products */,
			);
			sourceTree = "<group>";
		};
		494C25E92EE1F9EC007E32F9 /* Shared (App) */ = {
			isa = PBXGroup;
			children = (
				494C25F02EE1F9EC007E32F9 /* ViewController.swift */,
				494C25F12EE1F9ED007E32F9 /* Assets.xcassets */,
				494C25EA2EE1F9EC007E32F9 /* Resources */,
			);
			path = "Shared (App)";
			sourceTree = "<group>";
		};
		494C25EA2EE1F9EC007E32F9 /* Resources */ = {
			isa = PBXGroup;
			children = (
				494C25EB2EE1F9EC007E32F9 /* Main.html */,
				494C25ED2EE1F9EC007E32F9 /* Icon.png */,
				494C25EE2EE1F9EC007E32F9 /* Style.css */,
				494C25EF2EE1F9EC007E32F9 /* Script.js */,
			);
			path = Resources;
			sourceTree = "<group>";
		};
		494C25F22EE1F9ED007E32F9 /* Shared (Extension) */ = {
			isa = PBXGroup;
			children = (
				494C26442EE1F9EE007E32F9 /* Resources */,
				494C25F32EE1F9ED007E32F9 /* SafariWebExtensionHandler.swift */,
			);
			path = "Shared (Extension)";
			sourceTree = "<group>";
		};
		494C25F92EE1F9ED007E32F9 /* Products */ = {
			isa = PBXGroup;
			children = (
				494C25F82EE1F9ED007E32F9 /* Sora Creator Tools.app */,
				494C260A2EE1F9ED007E32F9 /* Sora Creator Tools.app */,
				494C26162EE1F9ED007E32F9 /* Sora Creator Tools Extension.appex */,
				494C26202EE1F9ED007E32F9 /* Sora Creator Tools Extension.appex */,
			);
			name = Products;
			sourceTree = "<group>";
		};
		494C25FA2EE1F9ED007E32F9 /* iOS (App) */ = {
			isa = PBXGroup;
			children = (
				494C25FB2EE1F9ED007E32F9 /* AppDelegate.swift */,
				494C25FD2EE1F9ED007E32F9 /* SceneDelegate.swift */,
				494C25FF2EE1F9ED007E32F9 /* LaunchScreen.storyboard */,
				494C26022EE1F9ED007E32F9 /* Main.storyboard */,
				494C26052EE1F9ED007E32F9 /* Info.plist */,
			);
			path = "iOS (App)";
			sourceTree = "<group>";
		};
		494C260B2EE1F9ED007E32F9 /* macOS (App) */ = {
			isa = PBXGroup;
			children = (
				494C260C2EE1F9ED007E32F9 /* AppDelegate.swift */,
				494C260E2EE1F9ED007E32F9 /* Main.storyboard */,
				494C26112EE1F9ED007E32F9 /* Info.plist */,
			);
			path = "macOS (App)";
			sourceTree = "<group>";
		};
		494C261A2EE1F9ED007E32F9 /* iOS (Extension) */ = {
			isa = PBXGroup;
			children = (
				494C261B2EE1F9ED007E32F9 /* Info.plist */,
			);
			path = "iOS (Extension)";
			sourceTree = "<group>";
		};
		494C26242EE1F9ED007E32F9 /* macOS (Extension) */ = {
			isa = PBXGroup;
			children = (
				494C26252EE1F9ED007E32F9 /* Info.plist */,
			);
			path = "macOS (Extension)";
			sourceTree = "<group>";
		};
		494C26442EE1F9EE007E32F9 /* Resources */ = {
			isa = PBXGroup;
			children = (
				494C26452EE1F9EE007E32F9 /* imagery */,
				494C26462EE1F9EE007E32F9 /* LICENSE */,
				494C26472EE1F9EE007E32F9 /* background.js */,
				494C26482EE1F9EE007E32F9 /* dashboard.css */,
				494C26492EE1F9EE007E32F9 /* dashboard.html */,
				494C264A2EE1F9EE007E32F9 /* README.md */,
				494C264B2EE1F9EE007E32F9 /* CONTRIBUTING.md */,
				494C264C2EE1F9EE007E32F9 /* icons */,
				494C264D2EE1F9EE007E32F9 /* Extension Dreamz (Theme Song) by Binary Rot.mp3 */,
				494C264E2EE1F9EE007E32F9 /* manifest.json */,
				494C264F2EE1F9EE007E32F9 /* inject.js */,
				494C26502EE1F9EE007E32F9 /* content.js */,
				494C26512EE1F9EE007E32F9 /* dashboard.js */,
				494C26522EE1F9EE007E32F9 /* safari-extension */,
			);
			name = Resources;
			path = "Shared (Extension)";
			sourceTree = SOURCE_ROOT;
		};
/* End PBXGroup section */

/* Begin PBXNativeTarget section */
		494C25F72EE1F9ED007E32F9 /* Sora Creator Tools (iOS) */ = {
			isa = PBXNativeTarget;
			buildConfigurationList = 494C263A2EE1F9ED007E32F9 /* Build configuration list for PBXNativeTarget "Sora Creator Tools (iOS)" */;
			buildPhases = (
				494C25F42EE1F9ED007E32F9 /* Sources */,
				494C25F52EE1F9ED007E32F9 /* Frameworks */,
				494C25F62EE1F9ED007E32F9 /* Resources */,
				494C26392EE1F9ED007E32F9 /* Embed Foundation Extensions */,
			);
			buildRules = (
			);
			dependencies = (
				494C26192EE1F9ED007E32F9 /* PBXTargetDependency */,
			);
			name = "Sora Creator Tools (iOS)";
			packageProductDependencies = (
			);
			productName = "Sora Creator Tools (iOS)";
			productReference = 494C25F82EE1F9ED007E32F9 /* Sora Creator Tools.app */;
			productType = "com.apple.product-type.application";
		};
		494C26092EE1F9ED007E32F9 /* Sora Creator Tools (macOS) */ = {
			isa = PBXNativeTarget;
			buildConfigurationList = 494C26412EE1F9ED007E32F9 /* Build configuration list for PBXNativeTarget "Sora Creator Tools (macOS)" */;
			buildPhases = (
				494C26062EE1F9ED007E32F9 /* Sources */,
				494C26072EE1F9ED007E32F9 /* Frameworks */,
				494C26082EE1F9ED007E32F9 /* Resources */,
				494C26402EE1F9ED007E32F9 /* Embed Foundation Extensions */,
			);
			buildRules = (
			);
			dependencies = (
				494C26232EE1F9ED007E32F9 /* PBXTargetDependency */,
			);
			name = "Sora Creator Tools (macOS)";
			packageProductDependencies = (
			);
			productName = "Sora Creator Tools (macOS)";
			productReference = 494C260A2EE1F9ED007E32F9 /* Sora Creator Tools.app */;
			productType = "com.apple.product-type.application";
		};
		494C26152EE1F9ED007E32F9 /* Sora Creator Tools Extension (iOS) */ = {
			isa = PBXNativeTarget;
			buildConfigurationList = 494C26362EE1F9ED007E32F9 /* Build configuration list for PBXNativeTarget "Sora Creator Tools Extension (iOS)" */;
			buildPhases = (
				494C26122EE1F9ED007E32F9 /* Sources */,
				494C26132EE1F9ED007E32F9 /* Frameworks */,
				494C26142EE1F9ED007E32F9 /* Resources */,
			);
			buildRules = (
			);
			dependencies = (
			);
			name = "Sora Creator Tools Extension (iOS)";
			packageProductDependencies = (
			);
			productName = "Sora Creator Tools Extension (iOS)";
			productReference = 494C26162EE1F9ED007E32F9 /* Sora Creator Tools Extension.appex */;
			productType = "com.apple.product-type.app-extension";
		};
		494C261F2EE1F9ED007E32F9 /* Sora Creator Tools Extension (macOS) */ = {
			isa = PBXNativeTarget;
			buildConfigurationList = 494C263D2EE1F9ED007E32F9 /* Build configuration list for PBXNativeTarget "Sora Creator Tools Extension (macOS)" */;
			buildPhases = (
				494C261C2EE1F9ED007E32F9 /* Sources */,
				494C261D2EE1F9ED007E32F9 /* Frameworks */,
				494C261E2EE1F9ED007E32F9 /* Resources */,
			);
			buildRules = (
			);
			dependencies = (
			);
			name = "Sora Creator Tools Extension (macOS)";
			packageProductDependencies = (
			);
			productName = "Sora Creator Tools Extension (macOS)";
			productReference = 494C26202EE1F9ED007E32F9 /* Sora Creator Tools Extension.appex */;
			productType = "com.apple.product-type.app-extension";
		};
/* End PBXNativeTarget section */

/* Begin PBXProject section */
		494C25E52EE1F9EC007E32F9 /* Project object */ = {
			isa = PBXProject;
			attributes = {
				BuildIndependentTargetsInParallel = 1;
				LastSwiftUpdateCheck = 2600;
				LastUpgradeCheck = 2600;
				TargetAttributes = {
					494C25F72EE1F9ED007E32F9 = {
						CreatedOnToolsVersion = 26.0;
					};
					494C26092EE1F9ED007E32F9 = {
						CreatedOnToolsVersion = 26.0;
					};
					494C26152EE1F9ED007E32F9 = {
						CreatedOnToolsVersion = 26.0;
					};
					494C261F2EE1F9ED007E32F9 = {
						CreatedOnToolsVersion = 26.0;
					};
				};
			};
			buildConfigurationList = 494C25E82EE1F9EC007E32F9 /* Build configuration list for PBXProject "Sora Creator Tools" */;
			developmentRegion = en;
			hasScannedForEncodings = 0;
			knownRegions = (
				en,
				Base,
			);
			mainGroup = 494C25E42EE1F9EC007E32F9;
			minimizedProjectReferenceProxies = 1;
			preferredProjectObjectVersion = 77;
			productRefGroup = 494C25F92EE1F9ED007E32F9 /* Products */;
			projectDirPath = "";
			projectRoot = "";
			targets = (
				494C25F72EE1F9ED007E32F9 /* Sora Creator Tools (iOS) */,
				494C26092EE1F9ED007E32F9 /* Sora Creator Tools (macOS) */,
				494C26152EE1F9ED007E32F9 /* Sora Creator Tools Extension (iOS) */,
				494C261F2EE1F9ED007E32F9 /* Sora Creator Tools Extension (macOS) */,
			);
		};
/* End PBXProject section */

/* Begin PBXResourcesBuildPhase section */
		494C25F62EE1F9ED007E32F9 /* Resources */ = {
			isa = PBXResourcesBuildPhase;
			buildActionMask = 2147483647;
			files = (
				494C26282EE1F9ED007E32F9 /* Icon.png in Resources */,
				494C26012EE1F9ED007E32F9 /* LaunchScreen.storyboard in Resources */,
				494C26262EE1F9ED007E32F9 /* Main.html in Resources */,
				494C262C2EE1F9ED007E32F9 /* Script.js in Resources */,
				494C26302EE1F9ED007E32F9 /* Assets.xcassets in Resources */,
				494C26042EE1F9ED007E32F9 /* Main.storyboard in Resources */,
				494C262A2EE1F9ED007E32F9 /* Style.css in Resources */,
			);
			runOnlyForDeploymentPostprocessing = 0;
		};
		494C26082EE1F9ED007E32F9 /* Resources */ = {
			isa = PBXResourcesBuildPhase;
			buildActionMask = 2147483647;
			files = (
				494C26292EE1F9ED007E32F9 /* Icon.png in Resources */,
				494C262B2EE1F9ED007E32F9 /* Style.css in Resources */,
				494C26102EE1F9ED007E32F9 /* Main.storyboard in Resources */,
				494C262D2EE1F9ED007E32F9 /* Script.js in Resources */,
				494C26312EE1F9ED007E32F9 /* Assets.xcassets in Resources */,
				494C26272EE1F9ED007E32F9 /* Main.html in Resources */,
			);
			runOnlyForDeploymentPostprocessing = 0;
		};
		494C26142EE1F9ED007E32F9 /* Resources */ = {
			isa = PBXResourcesBuildPhase;
			buildActionMask = 2147483647;
			files = (
				494C266C2EE1F9EE007E32F9 /* content.js in Resources */,
				494C26662EE1F9EE007E32F9 /* README.md in Resources */,
				494C26682EE1F9EE007E32F9 /* icons in Resources */,
				494C266A2EE1F9EE007E32F9 /* manifest.json in Resources */,
				494C26642EE1F9EE007E32F9 /* dashboard.css in Resources */,
				494C266B2EE1F9EE007E32F9 /* inject.js in Resources */,
				494C266D2EE1F9EE007E32F9 /* dashboard.js in Resources */,
				494C26622EE1F9EE007E32F9 /* LICENSE in Resources */,
				494C26652EE1F9EE007E32F9 /* dashboard.html in Resources */,
				494C26672EE1F9EE007E32F9 /* CONTRIBUTING.md in Resources */,
				494C26632EE1F9EE007E32F9 /* background.js in Resources */,
				494C26612EE1F9EE007E32F9 /* imagery in Resources */,
				494C266E2EE1F9EE007E32F9 /* safari-extension in Resources */,
				494C26692EE1F9EE007E32F9 /* Extension Dreamz (Theme Song) by Binary Rot.mp3 in Resources */,
			);
			runOnlyForDeploymentPostprocessing = 0;
		};
		494C261E2EE1F9ED007E32F9 /* Resources */ = {
			isa = PBXResourcesBuildPhase;
			buildActionMask = 2147483647;
			files = (
				494C265E2EE1F9EE007E32F9 /* content.js in Resources */,
				494C26582EE1F9EE007E32F9 /* README.md in Resources */,
				494C265A2EE1F9EE007E32F9 /* icons in Resources */,
				494C265C2EE1F9EE007E32F9 /* manifest.json in Resources */,
				494C26562EE1F9EE007E32F9 /* dashboard.css in Resources */,
				494C265D2EE1F9EE007E32F9 /* inject.js in Resources */,
				494C265F2EE1F9EE007E32F9 /* dashboard.js in Resources */,
				494C26542EE1F9EE007E32F9 /* LICENSE in Resources */,
				494C26572EE1F9EE007E32F9 /* dashboard.html in Resources */,
				494C26592EE1F9EE007E32F9 /* CONTRIBUTING.md in Resources */,
				494C26552EE1F9EE007E32F9 /* background.js in Resources */,
				494C26532EE1F9EE007E32F9 /* imagery in Resources */,
				494C26602EE1F9EE007E32F9 /* safari-extension in Resources */,
				494C265B2EE1F9EE007E32F9 /* Extension Dreamz (Theme Song) by Binary Rot.mp3 in Resources */,
			);
			runOnlyForDeploymentPostprocessing = 0;
		};
/* End PBXResourcesBuildPhase section */

/* Begin PBXSourcesBuildPhase section */
		494C25F42EE1F9ED007E32F9 /* Sources */ = {
			isa = PBXSourcesBuildPhase;
			buildActionMask = 2147483647;
			files = (
				494C262E2EE1F9ED007E32F9 /* ViewController.swift in Sources */,
				494C25FC2EE1F9ED007E32F9 /* AppDelegate.swift in Sources */,
				494C25FE2EE1F9ED007E32F9 /* SceneDelegate.swift in Sources */,
			);
			runOnlyForDeploymentPostprocessing = 0;
		};
		494C26062EE1F9ED007E32F9 /* Sources */ = {
			isa = PBXSourcesBuildPhase;
			buildActionMask = 2147483647;
			files = (
				494C262F2EE1F9ED007E32F9 /* ViewController.swift in Sources */,
				494C260D2EE1F9ED007E32F9 /* AppDelegate.swift in Sources */,
			);
			runOnlyForDeploymentPostprocessing = 0;
		};
		494C26122EE1F9ED007E32F9 /* Sources */ = {
			isa = PBXSourcesBuildPhase;
			buildActionMask = 2147483647;
			files = (
				494C26322EE1F9ED007E32F9 /* SafariWebExtensionHandler.swift in Sources */,
			);
			runOnlyForDeploymentPostprocessing = 0;
		};
		494C261C2EE1F9ED007E32F9 /* Sources */ = {
			isa = PBXSourcesBuildPhase;
			buildActionMask = 2147483647;
			files = (
				494C26332EE1F9ED007E32F9 /* SafariWebExtensionHandler.swift in Sources */,
			);
			runOnlyForDeploymentPostprocessing = 0;
		};
/* End PBXSourcesBuildPhase section */

/* Begin PBXTargetDependency section */
		494C26192EE1F9ED007E32F9 /* PBXTargetDependency */ = {
			isa = PBXTargetDependency;
			target = 494C26152EE1F9ED007E32F9 /* Sora Creator Tools Extension (iOS) */;
			targetProxy = 494C26182EE1F9ED007E32F9 /* PBXContainerItemProxy */;
		};
		494C26232EE1F9ED007E32F9 /* PBXTargetDependency */ = {
			isa = PBXTargetDependency;
			target = 494C261F2EE1F9ED007E32F9 /* Sora Creator Tools Extension (macOS) */;
			targetProxy = 494C26222EE1F9ED007E32F9 /* PBXContainerItemProxy */;
		};
/* End PBXTargetDependency section */

/* Begin PBXVariantGroup section */
		494C25EB2EE1F9EC007E32F9 /* Main.html */ = {
			isa = PBXVariantGroup;
			children = (
				494C25EC2EE1F9EC007E32F9 /* Base */,
			);
			name = Main.html;
			sourceTree = "<group>";
		};
		494C25FF2EE1F9ED007E32F9 /* LaunchScreen.storyboard */ = {
			isa = PBXVariantGroup;
			children = (
				494C26002EE1F9ED007E32F9 /* Base */,
			);
			name = LaunchScreen.storyboard;
			sourceTree = "<group>";
		};
		494C26022EE1F9ED007E32F9 /* Main.storyboard */ = {
			isa = PBXVariantGroup;
			children = (
				494C26032EE1F9ED007E32F9 /* Base */,
			);
			name = Main.storyboard;
			sourceTree = "<group>";
		};
		494C260E2EE1F9ED007E32F9 /* Main.storyboard */ = {
			isa = PBXVariantGroup;
			children = (
				494C260F2EE1F9ED007E32F9 /* Base */,
			);
			name = Main.storyboard;
			sourceTree = "<group>";
		};
/* End PBXVariantGroup section */

/* Begin XCBuildConfiguration section */
		494C26342EE1F9ED007E32F9 /* Debug */ = {
			isa = XCBuildConfiguration;
			buildSettings = {
				ALWAYS_SEARCH_USER_PATHS = NO;
				ASSETCATALOG_COMPILER_GENERATE_SWIFT_ASSET_SYMBOL_EXTENSIONS = YES;
				CLANG_ANALYZER_NONNULL = YES;
				CLANG_ANALYZER_NUMBER_OBJECT_CONVERSION = YES_AGGRESSIVE;
				CLANG_CXX_LANGUAGE_STANDARD = "gnu++20";
				CLANG_ENABLE_MODULES = YES;
				CLANG_ENABLE_OBJC_ARC = YES;
				CLANG_ENABLE_OBJC_WEAK = YES;
				CLANG_WARN_BLOCK_CAPTURE_AUTORELEASING = YES;
				CLANG_WARN_BOOL_CONVERSION = YES;
				CLANG_WARN_COMMA = YES;
				CLANG_WARN_CONSTANT_CONVERSION = YES;
				CLANG_WARN_DEPRECATED_OBJC_IMPLEMENTATIONS = YES;
				CLANG_WARN_DIRECT_OBJC_ISA_USAGE = YES_ERROR;
				CLANG_WARN_DOCUMENTATION_COMMENTS = YES;
				CLANG_WARN_EMPTY_BODY = YES;
				CLANG_WARN_ENUM_CONVERSION = YES;
				CLANG_WARN_INFINITE_RECURSION = YES;
				CLANG_WARN_INT_CONVERSION = YES;
				CLANG_WARN_NON_LITERAL_NULL_CONVERSION = YES;
				CLANG_WARN_OBJC_IMPLICIT_RETAIN_SELF = YES;
				CLANG_WARN_OBJC_LITERAL_CONVERSION = YES;
				CLANG_WARN_OBJC_ROOT_CLASS = YES_ERROR;
				CLANG_WARN_QUOTED_INCLUDE_IN_FRAMEWORK_HEADER = YES;
				CLANG_WARN_RANGE_LOOP_ANALYSIS = YES;
				CLANG_WARN_STRICT_PROTOTYPES = YES;
				CLANG_WARN_SUSPICIOUS_MOVE = YES;
				CLANG_WARN_UNGUARDED_AVAILABILITY = YES_AGGRESSIVE;
				CLANG_WARN_UNREACHABLE_CODE = YES;
				CLANG_WARN__DUPLICATE_METHOD_MATCH = YES;
				COPY_PHASE_STRIP = NO;
				DEBUG_INFORMATION_FORMAT = dwarf;
				ENABLE_STRICT_OBJC_MSGSEND = YES;
				ENABLE_TESTABILITY = YES;
				ENABLE_USER_SCRIPT_SANDBOXING = YES;
				GCC_C_LANGUAGE_STANDARD = gnu17;
				GCC_DYNAMIC_NO_PIC = NO;
				GCC_NO_COMMON_BLOCKS = YES;
				GCC_OPTIMIZATION_LEVEL = 0;
				GCC_PREPROCESSOR_DEFINITIONS = (
					"DEBUG=1",
					"$(inherited)",
				);
				GCC_WARN_64_TO_32_BIT_CONVERSION = YES;
				GCC_WARN_ABOUT_RETURN_TYPE = YES_ERROR;
				GCC_WARN_UNDECLARED_SELECTOR = YES;
				GCC_WARN_UNINITIALIZED_AUTOS = YES_AGGRESSIVE;
				GCC_WARN_UNUSED_FUNCTION = YES;
				GCC_WARN_UNUSED_VARIABLE = YES;
				LOCALIZATION_PREFERS_STRING_CATALOGS = YES;
				MTL_ENABLE_DEBUG_INFO = INCLUDE_SOURCE;
				MTL_FAST_MATH = YES;
				ONLY_ACTIVE_ARCH = YES;
				SWIFT_ACTIVE_COMPILATION_CONDITIONS = "DEBUG $(inherited)";
				SWIFT_OPTIMIZATION_LEVEL = "-Onone";
			};
			name = Debug;
		};
		494C26352EE1F9ED007E32F9 /* Release */ = {
			isa = XCBuildConfiguration;
			buildSettings = {
				ALWAYS_SEARCH_USER_PATHS = NO;
				ASSETCATALOG_COMPILER_GENERATE_SWIFT_ASSET_SYMBOL_EXTENSIONS = YES;
				CLANG_ANALYZER_NONNULL = YES;
				CLANG_ANALYZER_NUMBER_OBJECT_CONVERSION = YES_AGGRESSIVE;
				CLANG_CXX_LANGUAGE_STANDARD = "gnu++20";
				CLANG_ENABLE_MODULES = YES;
				CLANG_ENABLE_OBJC_ARC = YES;
				CLANG_ENABLE_OBJC_WEAK = YES;
				CLANG_WARN_BLOCK_CAPTURE_AUTORELEASING = YES;
				CLANG_WARN_BOOL_CONVERSION = YES;
				CLANG_WARN_COMMA = YES;
				CLANG_WARN_CONSTANT_CONVERSION = YES;
				CLANG_WARN_DEPRECATED_OBJC_IMPLEMENTATIONS = YES;
				CLANG_WARN_DIRECT_OBJC_ISA_USAGE = YES_ERROR;
				CLANG_WARN_DOCUMENTATION_COMMENTS = YES;
				CLANG_WARN_EMPTY_BODY = YES;
				CLANG_WARN_ENUM_CONVERSION = YES;
				CLANG_WARN_INFINITE_RECURSION = YES;
				CLANG_WARN_INT_CONVERSION = YES;
				CLANG_WARN_NON_LITERAL_NULL_CONVERSION = YES;
				CLANG_WARN_OBJC_IMPLICIT_RETAIN_SELF = YES;
				CLANG_WARN_OBJC_LITERAL_CONVERSION = YES;
				CLANG_WARN_OBJC_ROOT_CLASS = YES_ERROR;
				CLANG_WARN_QUOTED_INCLUDE_IN_FRAMEWORK_HEADER = YES;
				CLANG_WARN_RANGE_LOOP_ANALYSIS = YES;
				CLANG_WARN_STRICT_PROTOTYPES = YES;
				CLANG_WARN_SUSPICIOUS_MOVE = YES;
				CLANG_WARN_UNGUARDED_AVAILABILITY = YES_AGGRESSIVE;
				CLANG_WARN_UNREACHABLE_CODE = YES;
				CLANG_WARN__DUPLICATE_METHOD_MATCH = YES;
				COPY_PHASE_STRIP = NO;
				DEBUG_INFORMATION_FORMAT = "dwarf-with-dsym";
				ENABLE_NS_ASSERTIONS = NO;
				ENABLE_STRICT_OBJC_MSGSEND = YES;
				ENABLE_USER_SCRIPT_SANDBOXING = YES;
				GCC_C_LANGUAGE_STANDARD = gnu17;
				GCC_NO_COMMON_BLOCKS = YES;
				GCC_WARN_64_TO_32_BIT_CONVERSION = YES;
				GCC_WARN_ABOUT_RETURN_TYPE = YES_ERROR;
				GCC_WARN_UNDECLARED_SELECTOR = YES;
				GCC_WARN_UNINITIALIZED_AUTOS = YES_AGGRESSIVE;
				GCC_WARN_UNUSED_FUNCTION = YES;
				GCC_WARN_UNUSED_VARIABLE = YES;
				LOCALIZATION_PREFERS_STRING_CATALOGS = YES;
				MTL_ENABLE_DEBUG_INFO = NO;
				MTL_FAST_MATH = YES;
				SWIFT_COMPILATION_MODE = wholemodule;
			};
			name = Release;
		};
		494C26372EE1F9ED007E32F9 /* Debug */ = {
			isa = XCBuildConfiguration;
			buildSettings = {
				CODE_SIGN_STYLE = Automatic;
				CURRENT_PROJECT_VERSION = 1;
				DEVELOPMENT_TEAM = M5M8HHWE22;
				GENERATE_INFOPLIST_FILE = YES;
				INFOPLIST_FILE = "iOS (Extension)/Info.plist";
				INFOPLIST_KEY_CFBundleDisplayName = "Sora Creator Tools Extension";
				INFOPLIST_KEY_NSHumanReadableCopyright = "";
				IPHONEOS_DEPLOYMENT_TARGET = 15.0;
				LD_RUNPATH_SEARCH_PATHS = (
					"$(inherited)",
					"@executable_path/Frameworks",
					"@executable_path/../../Frameworks",
				);
				MARKETING_VERSION = 1.0;
				OTHER_LDFLAGS = (
					"-framework",
					SafariServices,
				);
				PRODUCT_BUNDLE_IDENTIFIER = com.andrewwilliamson.soracreatortools.extension;
				PRODUCT_NAME = "Sora Creator Tools Extension";
				SDKROOT = iphoneos;
				SKIP_INSTALL = YES;
				STRING_CATALOG_GENERATE_SYMBOLS = YES;
				SWIFT_APPROACHABLE_CONCURRENCY = YES;
				SWIFT_EMIT_LOC_STRINGS = YES;
				SWIFT_UPCOMING_FEATURE_MEMBER_IMPORT_VISIBILITY = YES;
				SWIFT_VERSION = 5.0;
				TARGETED_DEVICE_FAMILY = "1,2";
			};
			name = Debug;
		};
		494C26382EE1F9ED007E32F9 /* Release */ = {
			isa = XCBuildConfiguration;
			buildSettings = {
				CODE_SIGN_STYLE = Automatic;
				CURRENT_PROJECT_VERSION = 1;
				DEVELOPMENT_TEAM = M5M8HHWE22;
				GENERATE_INFOPLIST_FILE = YES;
				INFOPLIST_FILE = "iOS (Extension)/Info.plist";
				INFOPLIST_KEY_CFBundleDisplayName = "Sora Creator Tools Extension";
				INFOPLIST_KEY_NSHumanReadableCopyright = "";
				IPHONEOS_DEPLOYMENT_TARGET = 15.0;
				LD_RUNPATH_SEARCH_PATHS = (
					"$(inherited)",
					"@executable_path/Frameworks",
					"@executable_path/../../Frameworks",
				);
				MARKETING_VERSION = 1.0;
				OTHER_LDFLAGS = (
					"-framework",
					SafariServices,
				);
				PRODUCT_BUNDLE_IDENTIFIER = com.andrewwilliamson.soracreatortools.extension;
				PRODUCT_NAME = "Sora Creator Tools Extension";
				SDKROOT = iphoneos;
				SKIP_INSTALL = YES;
				STRING_CATALOG_GENERATE_SYMBOLS = YES;
				SWIFT_APPROACHABLE_CONCURRENCY = YES;
				SWIFT_EMIT_LOC_STRINGS = YES;
				SWIFT_UPCOMING_FEATURE_MEMBER_IMPORT_VISIBILITY = YES;
				SWIFT_VERSION = 5.0;
				TARGETED_DEVICE_FAMILY = "1,2";
				VALIDATE_PRODUCT = YES;
			};
			name = Release;
		};
		494C263B2EE1F9ED007E32F9 /* Debug */ = {
			isa = XCBuildConfiguration;
			buildSettings = {
				ASSETCATALOG_COMPILER_APPICON_NAME = AppIcon;
				ASSETCATALOG_COMPILER_GLOBAL_ACCENT_COLOR_NAME = AccentColor;
				CODE_SIGN_STYLE = Automatic;
				CURRENT_PROJECT_VERSION = 1;
				DEVELOPMENT_TEAM = M5M8HHWE22;
				GENERATE_INFOPLIST_FILE = YES;
				INFOPLIST_FILE = "iOS (App)/Info.plist";
				INFOPLIST_KEY_CFBundleDisplayName = "Sora Creator Tools";
				INFOPLIST_KEY_UIApplicationSupportsIndirectInputEvents = YES;
				INFOPLIST_KEY_UILaunchStoryboardName = LaunchScreen;
				INFOPLIST_KEY_UIMainStoryboardFile = Main;
				INFOPLIST_KEY_UISupportedInterfaceOrientations = "UIInterfaceOrientationPortrait UIInterfaceOrientationLandscapeLeft UIInterfaceOrientationLandscapeRight";
				INFOPLIST_KEY_UISupportedInterfaceOrientations_iPad = "UIInterfaceOrientationPortrait UIInterfaceOrientationPortraitUpsideDown UIInterfaceOrientationLandscapeLeft UIInterfaceOrientationLandscapeRight";
				IPHONEOS_DEPLOYMENT_TARGET = 15.0;
				LD_RUNPATH_SEARCH_PATHS = (
					"$(inherited)",
					"@executable_path/Frameworks",
				);
				MARKETING_VERSION = 1.0;
				OTHER_LDFLAGS = (
					"-framework",
					SafariServices,
					"-framework",
					WebKit,
				);
				PRODUCT_BUNDLE_IDENTIFIER = com.andrewwilliamson.soracreatortools;
				PRODUCT_NAME = "Sora Creator Tools";
				SDKROOT = iphoneos;
				STRING_CATALOG_GENERATE_SYMBOLS = YES;
				SWIFT_APPROACHABLE_CONCURRENCY = YES;
				SWIFT_DEFAULT_ACTOR_ISOLATION = MainActor;
				SWIFT_EMIT_LOC_STRINGS = YES;
				SWIFT_UPCOMING_FEATURE_MEMBER_IMPORT_VISIBILITY = YES;
				SWIFT_VERSION = 5.0;
				TARGETED_DEVICE_FAMILY = "1,2";
			};
			name = Debug;
		};
		494C263C2EE1F9ED007E32F9 /* Release */ = {
			isa = XCBuildConfiguration;
			buildSettings = {
				ASSETCATALOG_COMPILER_APPICON_NAME = AppIcon;
				ASSETCATALOG_COMPILER_GLOBAL_ACCENT_COLOR_NAME = AccentColor;
				CODE_SIGN_STYLE = Automatic;
				CURRENT_PROJECT_VERSION = 1;
				DEVELOPMENT_TEAM = M5M8HHWE22;
				GENERATE_INFOPLIST_FILE = YES;
				INFOPLIST_FILE = "iOS (App)/Info.plist";
				INFOPLIST_KEY_CFBundleDisplayName = "Sora Creator Tools";
				INFOPLIST_KEY_UIApplicationSupportsIndirectInputEvents = YES;
				INFOPLIST_KEY_UILaunchStoryboardName = LaunchScreen;
				INFOPLIST_KEY_UIMainStoryboardFile = Main;
				INFOPLIST_KEY_UISupportedInterfaceOrientations = "UIInterfaceOrientationPortrait UIInterfaceOrientationLandscapeLeft UIInterfaceOrientationLandscapeRight";
				INFOPLIST_KEY_UISupportedInterfaceOrientations_iPad = "UIInterfaceOrientationPortrait UIInterfaceOrientationPortraitUpsideDown UIInterfaceOrientationLandscapeLeft UIInterfaceOrientationLandscapeRight";
				IPHONEOS_DEPLOYMENT_TARGET = 15.0;
				LD_RUNPATH_SEARCH_PATHS = (
					"$(inherited)",
					"@executable_path/Frameworks",
				);
				MARKETING_VERSION = 1.0;
				OTHER_LDFLAGS = (
					"-framework",
					SafariServices,
					"-framework",
					WebKit,
				);
				PRODUCT_BUNDLE_IDENTIFIER = com.andrewwilliamson.soracreatortools;
				PRODUCT_NAME = "Sora Creator Tools";
				SDKROOT = iphoneos;
				STRING_CATALOG_GENERATE_SYMBOLS = YES;
				SWIFT_APPROACHABLE_CONCURRENCY = YES;
				SWIFT_DEFAULT_ACTOR_ISOLATION = MainActor;
				SWIFT_EMIT_LOC_STRINGS = YES;
				SWIFT_UPCOMING_FEATURE_MEMBER_IMPORT_VISIBILITY = YES;
				SWIFT_VERSION = 5.0;
				TARGETED_DEVICE_FAMILY = "1,2";
				VALIDATE_PRODUCT = YES;
			};
			name = Release;
		};
		494C263E2EE1F9ED007E32F9 /* Debug */ = {
			isa = XCBuildConfiguration;
			buildSettings = {
				"CODE_SIGN_IDENTITY[sdk=macosx*]" = "Apple Development";
				CODE_SIGN_STYLE = Automatic;
				CURRENT_PROJECT_VERSION = 1;
				DEVELOPMENT_TEAM = M5M8HHWE22;
				ENABLE_APP_SANDBOX = YES;
				ENABLE_HARDENED_RUNTIME = YES;
				ENABLE_USER_SELECTED_FILES = readonly;
				GENERATE_INFOPLIST_FILE = YES;
				INFOPLIST_FILE = "macOS (Extension)/Info.plist";
				INFOPLIST_KEY_CFBundleDisplayName = "Sora Creator Tools Extension";
				INFOPLIST_KEY_NSHumanReadableCopyright = "";
				LD_RUNPATH_SEARCH_PATHS = (
					"$(inherited)",
					"@executable_path/../Frameworks",
					"@executable_path/../../../../Frameworks",
				);
				MACOSX_DEPLOYMENT_TARGET = 10.14;
				MARKETING_VERSION = 1.0;
				OTHER_LDFLAGS = (
					"-framework",
					SafariServices,
				);
				PRODUCT_BUNDLE_IDENTIFIER = com.andrewwilliamson.soracreatortools.extension;
				PRODUCT_NAME = "Sora Creator Tools Extension";
				SDKROOT = macosx;
				SKIP_INSTALL = YES;
				STRING_CATALOG_GENERATE_SYMBOLS = YES;
				SWIFT_APPROACHABLE_CONCURRENCY = YES;
				SWIFT_EMIT_LOC_STRINGS = YES;
				SWIFT_UPCOMING_FEATURE_MEMBER_IMPORT_VISIBILITY = YES;
				SWIFT_VERSION = 5.0;
			};
			name = Debug;
		};
		494C263F2EE1F9ED007E32F9 /* Release */ = {
			isa = XCBuildConfiguration;
			buildSettings = {
				"CODE_SIGN_IDENTITY[sdk=macosx*]" = "Apple Development";
				CODE_SIGN_STYLE = Automatic;
				CURRENT_PROJECT_VERSION = 1;
				DEVELOPMENT_TEAM = M5M8HHWE22;
				ENABLE_APP_SANDBOX = YES;
				ENABLE_HARDENED_RUNTIME = YES;
				ENABLE_USER_SELECTED_FILES = readonly;
				GENERATE_INFOPLIST_FILE = YES;
				INFOPLIST_FILE = "macOS (Extension)/Info.plist";
				INFOPLIST_KEY_CFBundleDisplayName = "Sora Creator Tools Extension";
				INFOPLIST_KEY_NSHumanReadableCopyright = "";
				LD_RUNPATH_SEARCH_PATHS = (
					"$(inherited)",
					"@executable_path/../Frameworks",
					"@executable_path/../../../../Frameworks",
				);
				MACOSX_DEPLOYMENT_TARGET = 10.14;
				MARKETING_VERSION = 1.0;
				OTHER_LDFLAGS = (
					"-framework",
					SafariServices,
				);
				PRODUCT_BUNDLE_IDENTIFIER = com.andrewwilliamson.soracreatortools.extension;
				PRODUCT_NAME = "Sora Creator Tools Extension";
				SDKROOT = macosx;
				SKIP_INSTALL = YES;
				STRING_CATALOG_GENERATE_SYMBOLS = YES;
				SWIFT_APPROACHABLE_CONCURRENCY = YES;
				SWIFT_EMIT_LOC_STRINGS = YES;
				SWIFT_UPCOMING_FEATURE_MEMBER_IMPORT_VISIBILITY = YES;
				SWIFT_VERSION = 5.0;
			};
			name = Release;
		};
		494C26422EE1F9ED007E32F9 /* Debug */ = {
			isa = XCBuildConfiguration;
			buildSettings = {
				ASSETCATALOG_COMPILER_APPICON_NAME = AppIcon;
				ASSETCATALOG_COMPILER_GLOBAL_ACCENT_COLOR_NAME = AccentColor;
				"CODE_SIGN_IDENTITY[sdk=macosx*]" = "Apple Development";
				CODE_SIGN_STYLE = Automatic;
				CURRENT_PROJECT_VERSION = 1;
				DEVELOPMENT_TEAM = M5M8HHWE22;
				ENABLE_APP_SANDBOX = YES;
				ENABLE_HARDENED_RUNTIME = YES;
				ENABLE_OUTGOING_NETWORK_CONNECTIONS = YES;
				ENABLE_USER_SELECTED_FILES = readonly;
				GENERATE_INFOPLIST_FILE = YES;
				INFOPLIST_FILE = "macOS (App)/Info.plist";
				INFOPLIST_KEY_CFBundleDisplayName = "Sora Creator Tools";
				INFOPLIST_KEY_NSMainStoryboardFile = Main;
				INFOPLIST_KEY_NSPrincipalClass = NSApplication;
				LD_RUNPATH_SEARCH_PATHS = (
					"$(inherited)",
					"@executable_path/../Frameworks",
				);
				MACOSX_DEPLOYMENT_TARGET = 10.14;
				MARKETING_VERSION = 1.0;
				OTHER_LDFLAGS = (
					"-framework",
					SafariServices,
					"-framework",
					WebKit,
				);
				PRODUCT_BUNDLE_IDENTIFIER = com.andrewwilliamson.soracreatortools;
				PRODUCT_NAME = "Sora Creator Tools";
				REGISTER_APP_GROUPS = YES;
				SDKROOT = macosx;
				STRING_CATALOG_GENERATE_SYMBOLS = YES;
				SWIFT_APPROACHABLE_CONCURRENCY = YES;
				SWIFT_DEFAULT_ACTOR_ISOLATION = MainActor;
				SWIFT_EMIT_LOC_STRINGS = YES;
				SWIFT_UPCOMING_FEATURE_MEMBER_IMPORT_VISIBILITY = YES;
				SWIFT_VERSION = 5.0;
			};
			name = Debug;
		};
		494C26432EE1F9ED007E32F9 /* Release */ = {
			isa = XCBuildConfiguration;
			buildSettings = {
				ASSETCATALOG_COMPILER_APPICON_NAME = AppIcon;
				ASSETCATALOG_COMPILER_GLOBAL_ACCENT_COLOR_NAME = AccentColor;
				"CODE_SIGN_IDENTITY[sdk=macosx*]" = "Apple Development";
				CODE_SIGN_STYLE = Automatic;
				CURRENT_PROJECT_VERSION = 1;
				DEVELOPMENT_TEAM = M5M8HHWE22;
				ENABLE_APP_SANDBOX = YES;
				ENABLE_HARDENED_RUNTIME = YES;
				ENABLE_OUTGOING_NETWORK_CONNECTIONS = YES;
				ENABLE_USER_SELECTED_FILES = readonly;
				GENERATE_INFOPLIST_FILE = YES;
				INFOPLIST_FILE = "macOS (App)/Info.plist";
				INFOPLIST_KEY_CFBundleDisplayName = "Sora Creator Tools";
				INFOPLIST_KEY_NSMainStoryboardFile = Main;
				INFOPLIST_KEY_NSPrincipalClass = NSApplication;
				LD_RUNPATH_SEARCH_PATHS = (
					"$(inherited)",
					"@executable_path/../Frameworks",
				);
				MACOSX_DEPLOYMENT_TARGET = 10.14;
				MARKETING_VERSION = 1.0;
				OTHER_LDFLAGS = (
					"-framework",
					SafariServices,
					"-framework",
					WebKit,
				);
				PRODUCT_BUNDLE_IDENTIFIER = com.andrewwilliamson.soracreatortools;
				PRODUCT_NAME = "Sora Creator Tools";
				REGISTER_APP_GROUPS = YES;
				SDKROOT = macosx;
				STRING_CATALOG_GENERATE_SYMBOLS = YES;
				SWIFT_APPROACHABLE_CONCURRENCY = YES;
				SWIFT_DEFAULT_ACTOR_ISOLATION = MainActor;
				SWIFT_EMIT_LOC_STRINGS = YES;
				SWIFT_UPCOMING_FEATURE_MEMBER_IMPORT_VISIBILITY = YES;
				SWIFT_VERSION = 5.0;
			};
			name = Release;
		};
/* End XCBuildConfiguration section */

/* Begin XCConfigurationList section */
		494C25E82EE1F9EC007E32F9 /* Build configuration list for PBXProject "Sora Creator Tools" */ = {
			isa = XCConfigurationList;
			buildConfigurations = (
				494C26342EE1F9ED007E32F9 /* Debug */,
				494C26352EE1F9ED007E32F9 /* Release */,
			);
			defaultConfigurationIsVisible = 0;
			defaultConfigurationName = Release;
		};
		494C26362EE1F9ED007E32F9 /* Build configuration list for PBXNativeTarget "Sora Creator Tools Extension (iOS)" */ = {
			isa = XCConfigurationList;
			buildConfigurations = (
				494C26372EE1F9ED007E32F9 /* Debug */,
				494C26382EE1F9ED007E32F9 /* Release */,
			);
			defaultConfigurationIsVisible = 0;
			defaultConfigurationName = Release;
		};
		494C263A2EE1F9ED007E32F9 /* Build configuration list for PBXNativeTarget "Sora Creator Tools (iOS)" */ = {
			isa = XCConfigurationList;
			buildConfigurations = (
				494C263B2EE1F9ED007E32F9 /* Debug */,
				494C263C2EE1F9ED007E32F9 /* Release */,
			);
			defaultConfigurationIsVisible = 0;
			defaultConfigurationName = Release;
		};
		494C263D2EE1F9ED007E32F9 /* Build configuration list for PBXNativeTarget "Sora Creator Tools Extension (macOS)" */ = {
			isa = XCConfigurationList;
			buildConfigurations = (
				494C263E2EE1F9ED007E32F9 /* Debug */,
				494C263F2EE1F9ED007E32F9 /* Release */,
			);
			defaultConfigurationIsVisible = 0;
			defaultConfigurationName = Release;
		};
		494C26412EE1F9ED007E32F9 /* Build configuration list for PBXNativeTarget "Sora Creator Tools (macOS)" */ = {
			isa = XCConfigurationList;
			buildConfigurations = (
				494C26422EE1F9ED007E32F9 /* Debug */,
				494C26432EE1F9ED007E32F9 /* Release */,
			);
			defaultConfigurationIsVisible = 0;
			defaultConfigurationName = Release;
		};
/* End XCConfigurationList section */
	};
	rootObject = 494C25E52EE1F9EC007E32F9 /* Project object */;
}
